
Microsoft Visual Studio Solution File, Format Version 12.00
# Visual Studio Version 16
VisualStudioVersion = 16.0.31005.135
MinimumVisualStudioVersion = 15.0.26124.0
Project("{9A19103F-16F7-4668-BE54-9A1E7A4F7556}") = "API", "API\API.csproj", "{FCFEDDA7-D6EF-4651-BA36-3A3757FA6558}"
EndProject
Project("{9A19103F-16F7-4668-BE54-9A1E7A4F7556}") = "Application", "Application\Application.csproj", "{16340276-484F-4574-A38C-308374488EEE}"
EndProject
Project("{9A19103F-16F7-4668-BE54-9A1E7A4F7556}") = "Persistence", "Persistence\Persistence.csproj", "{3948C8DE-0821-4752-8CBF-8388A46FC16A}"
EndProject
Project("{9A19103F-16F7-4668-BE54-9A1E7A4F7556}") = "Domain", "Domain\Domain.csproj", "{6129F252-EE27-453B-94F2-91D7072B0926}"
EndProject
Project("{9A19103F-16F7-4668-BE54-9A1E7A4F7556}") = "Infrastrukture", "Infrastrukture\Infrastrukture.csproj", "{3F0619BB-EB5C-4750-A151-18C973AEA145}"
EndProject
Project("{9A19103F-16F7-4668-BE54-9A1E7A4F7556}") = "UnitTestValidateDtos", "UnitTestValidateDtos\UnitTestValidateDtos.csproj", "{21ACB552-FE2C-41FB-ADB9-686875CD3A64}"
EndProject
Project("{2150E333-8FDC-42A3-9474-1A3956D46DE8}") = "Solution Items", "Solution Items", "{8DF877B0-34BC-46B7-A9F6-D63A06E4F922}"
	ProjectSection(SolutionItems) = preProject
		.editorconfig = .editorconfig
	EndProjectSection
EndProject
Global
	GlobalSection(SolutionConfigurationPlatforms) = preSolution
		Debug|Any CPU = Debug|Any CPU
		Debug|x64 = Debug|x64
		Debug|x86 = Debug|x86
		Release|Any CPU = Release|Any CPU
		Release|x64 = Release|x64
		Release|x86 = Release|x86
	EndGlobalSection
	GlobalSection(ProjectConfigurationPlatforms) = postSolution
		{FCFEDDA7-D6EF-4651-BA36-3A3757FA6558}.Debug|Any CPU.ActiveCfg = Debug|Any CPU
		{FCFEDDA7-D6EF-4651-BA36-3A3757FA6558}.Debug|Any CPU.Build.0 = Debug|Any CPU
		{FCFEDDA7-D6EF-4651-BA36-3A3757FA6558}.Debug|x64.ActiveCfg = Debug|Any CPU
		{FCFEDDA7-D6EF-4651-BA36-3A3757FA6558}.Debug|x64.Build.0 = Debug|Any CPU
		{FCFEDDA7-D6EF-4651-BA36-3A3757FA6558}.Debug|x86.ActiveCfg = Debug|Any CPU
		{FCFEDDA7-D6EF-4651-BA36-3A3757FA6558}.Debug|x86.Build.0 = Debug|Any CPU
		{FCFEDDA7-D6EF-4651-BA36-3A3757FA6558}.Release|Any CPU.ActiveCfg = Release|Any CPU
		{FCFEDDA7-D6EF-4651-BA36-3A3757FA6558}.Release|Any CPU.Build.0 = Release|Any CPU
		{FCFEDDA7-D6EF-4651-BA36-3A3757FA6558}.Release|x64.ActiveCfg = Release|Any CPU
		{FCFEDDA7-D6EF-4651-BA36-3A3757FA6558}.Release|x64.Build.0 = Release|Any CPU
		{FCFEDDA7-D6EF-4651-BA36-3A3757FA6558}.Release|x86.ActiveCfg = Release|Any CPU
		{FCFEDDA7-D6EF-4651-BA36-3A3757FA6558}.Release|x86.Build.0 = Release|Any CPU
		{16340276-484F-4574-A38C-308374488EEE}.Debug|Any CPU.ActiveCfg = Debug|Any CPU
		{16340276-484F-4574-A38C-308374488EEE}.Debug|Any CPU.Build.0 = Debug|Any CPU
		{16340276-484F-4574-A38C-308374488EEE}.Debug|x64.ActiveCfg = Debug|Any CPU
		{16340276-484F-4574-A38C-308374488EEE}.Debug|x64.Build.0 = Debug|Any CPU
		{16340276-484F-4574-A38C-308374488EEE}.Debug|x86.ActiveCfg = Debug|Any CPU
		{16340276-484F-4574-A38C-308374488EEE}.Debug|x86.Build.0 = Debug|Any CPU
		{16340276-484F-4574-A38C-308374488EEE}.Release|Any CPU.ActiveCfg = Release|Any CPU
		{16340276-484F-4574-A38C-308374488EEE}.Release|Any CPU.Build.0 = Release|Any CPU
		{16340276-484F-4574-A38C-308374488EEE}.Release|x64.ActiveCfg = Release|Any CPU
		{16340276-484F-4574-A38C-308374488EEE}.Release|x64.Build.0 = Release|Any CPU
		{16340276-484F-4574-A38C-308374488EEE}.Release|x86.ActiveCfg = Release|Any CPU
		{16340276-484F-4574-A38C-308374488EEE}.Release|x86.Build.0 = Release|Any CPU
		{3948C8DE-0821-4752-8CBF-8388A46FC16A}.Debug|Any CPU.ActiveCfg = Debug|Any CPU
		{3948C8DE-0821-4752-8CBF-8388A46FC16A}.Debug|Any CPU.Build.0 = Debug|Any CPU
		{3948C8DE-0821-4752-8CBF-8388A46FC16A}.Debug|x64.ActiveCfg = Debug|Any CPU
		{3948C8DE-0821-4752-8CBF-8388A46FC16A}.Debug|x64.Build.0 = Debug|Any CPU
		{3948C8DE-0821-4752-8CBF-8388A46FC16A}.Debug|x86.ActiveCfg = Debug|Any CPU
		{3948C8DE-0821-4752-8CBF-8388A46FC16A}.Debug|x86.Build.0 = Debug|Any CPU
		{3948C8DE-0821-4752-8CBF-8388A46FC16A}.Release|Any CPU.ActiveCfg = Release|Any CPU
		{3948C8DE-0821-4752-8CBF-8388A46FC16A}.Release|Any CPU.Build.0 = Release|Any CPU
		{3948C8DE-0821-4752-8CBF-8388A46FC16A}.Release|x64.ActiveCfg = Release|Any CPU
		{3948C8DE-0821-4752-8CBF-8388A46FC16A}.Release|x64.Build.0 = Release|Any CPU
		{3948C8DE-0821-4752-8CBF-8388A46FC16A}.Release|x86.ActiveCfg = Release|Any CPU
		{3948C8DE-0821-4752-8CBF-8388A46FC16A}.Release|x86.Build.0 = Release|Any CPU
		{6129F252-EE27-453B-94F2-91D7072B0926}.Debug|Any CPU.ActiveCfg = Debug|Any CPU
		{6129F252-EE27-453B-94F2-91D7072B0926}.Debug|Any CPU.Build.0 = Debug|Any CPU
		{6129F252-EE27-453B-94F2-91D7072B0926}.Debug|x64.ActiveCfg = Debug|Any CPU
		{6129F252-EE27-453B-94F2-91D7072B0926}.Debug|x64.Build.0 = Debug|Any CPU
		{6129F252-EE27-453B-94F2-91D7072B0926}.Debug|x86.ActiveCfg = Debug|Any CPU
		{6129F252-EE27-453B-94F2-91D7072B0926}.Debug|x86.Build.0 = Debug|Any CPU
		{6129F252-EE27-453B-94F2-91D7072B0926}.Release|Any CPU.ActiveCfg = Release|Any CPU
		{6129F252-EE27-453B-94F2-91D7072B0926}.Release|Any CPU.Build.0 = Release|Any CPU
		{6129F252-EE27-453B-94F2-91D7072B0926}.Release|x64.ActiveCfg = Release|Any CPU
		{6129F252-EE27-453B-94F2-91D7072B0926}.Release|x64.Build.0 = Release|Any CPU
		{6129F252-EE27-453B-94F2-91D7072B0926}.Release|x86.ActiveCfg = Release|Any CPU
		{6129F252-EE27-453B-94F2-91D7072B0926}.Release|x86.Build.0 = Release|Any CPU
		{3F0619BB-EB5C-4750-A151-18C973AEA145}.Debug|Any CPU.ActiveCfg = Debug|Any CPU
		{3F0619BB-EB5C-4750-A151-18C973AEA145}.Debug|Any CPU.Build.0 = Debug|Any CPU
		{3F0619BB-EB5C-4750-A151-18C973AEA145}.Debug|x64.ActiveCfg = Debug|Any CPU
		{3F0619BB-EB5C-4750-A151-18C973AEA145}.Debug|x64.Build.0 = Debug|Any CPU
		{3F0619BB-EB5C-4750-A151-18C973AEA145}.Debug|x86.ActiveCfg = Debug|Any CPU
		{3F0619BB-EB5C-4750-A151-18C973AEA145}.Debug|x86.Build.0 = Debug|Any CPU
		{3F0619BB-EB5C-4750-A151-18C973AEA145}.Release|Any CPU.ActiveCfg = Release|Any CPU
		{3F0619BB-EB5C-4750-A151-18C973AEA145}.Release|Any CPU.Build.0 = Release|Any CPU
		{3F0619BB-EB5C-4750-A151-18C973AEA145}.Release|x64.ActiveCfg = Release|Any CPU
		{3F0619BB-EB5C-4750-A151-18C973AEA145}.Release|x64.Build.0 = Release|Any CPU
		{3F0619BB-EB5C-4750-A151-18C973AEA145}.Release|x86.ActiveCfg = Release|Any CPU
		{3F0619BB-EB5C-4750-A151-18C973AEA145}.Release|x86.Build.0 = Release|Any CPU
		{21ACB552-FE2C-41FB-ADB9-686875CD3A64}.Debug|Any CPU.ActiveCfg = Debug|Any CPU
		{21ACB552-FE2C-41FB-ADB9-686875CD3A64}.Debug|Any CPU.Build.0 = Debug|Any CPU
		{21ACB552-FE2C-41FB-ADB9-686875CD3A64}.Debug|x64.ActiveCfg = Debug|Any CPU
		{21ACB552-FE2C-41FB-ADB9-686875CD3A64}.Debug|x64.Build.0 = Debug|Any CPU
		{21ACB552-FE2C-41FB-ADB9-686875CD3A64}.Debug|x86.ActiveCfg = Debug|Any CPU
		{21ACB552-FE2C-41FB-ADB9-686875CD3A64}.Debug|x86.Build.0 = Debug|Any CPU
		{21ACB552-FE2C-41FB-ADB9-686875CD3A64}.Release|Any CPU.ActiveCfg = Release|Any CPU
		{21ACB552-FE2C-41FB-ADB9-686875CD3A64}.Release|Any CPU.Build.0 = Release|Any CPU
		{21ACB552-FE2C-41FB-ADB9-686875CD3A64}.Release|x64.ActiveCfg = Release|Any CPU
		{21ACB552-FE2C-41FB-ADB9-686875CD3A64}.Release|x64.Build.0 = Release|Any CPU
		{21ACB552-FE2C-41FB-ADB9-686875CD3A64}.Release|x86.ActiveCfg = Release|Any CPU
		{21ACB552-FE2C-41FB-ADB9-686875CD3A64}.Release|x86.Build.0 = Release|Any CPU
	EndGlobalSection
	GlobalSection(SolutionProperties) = preSolution
		HideSolutionNode = FALSE
	EndGlobalSection
	GlobalSection(ExtensibilityGlobals) = postSolution
		SolutionGuid = {E991E85E-E8AE-4618-8207-1EEE86A0C63E}
	EndGlobalSection
EndGlobal
